# THIS IS AN AUTOGENERATED FILE. DO NOT EDIT THIS FILE DIRECTLY.
# yarn lockfile v1


react-connect-elements@^0.1.1:
  version "0.1.1"
  resolved "https://registry.yarnpkg.com/react-connect-elements/-/react-connect-elements-0.1.1.tgz#be84d68e56da9d4f07201fee2d9d7dc73ffc85a3"
  integrity sha512-31Id2D+G3m3AoyiyWoYQZPeXtxTBeKoHyCAjlL5RFJJqPFA2FqPYu4xXAfaFFngjd2xQlfaivXv0Q9wPg/NLxQ==
